
Microsoft Visual Studio Solution File, Format Version 12.00
# Visual Studio Version 17
VisualStudioVersion = 17.14.36623.8 d17.14
MinimumVisualStudioVersion = 10.0.40219.1
Project("{FAE04EC0-301F-11D3-BF4B-00C04F79EFBC}") = "DiskAnalyzer", "DiskAnalyzer.csproj", "{BE55A92E-59AE-E7EF-DBC3-609ABCF2F205}"
EndProject
Global
	GlobalSection(SolutionConfigurationPlatforms) = preSolution
		Debug|Any CPU = Debug|Any CPU
		Release|Any CPU = Release|Any CPU
	EndGlobalSection
	GlobalSection(ProjectConfigurationPlatforms) = postSolution
		{BE55A92E-59AE-E7EF-DBC3-609ABCF2F205}.Debug|Any CPU.ActiveCfg = Debug|Any CPU
		{BE55A92E-59AE-E7EF-DBC3-609ABCF2F205}.Debug|Any CPU.Build.0 = Debug|Any CPU
		{BE55A92E-59AE-E7EF-DBC3-609ABCF2F205}.Release|Any CPU.ActiveCfg = Release|Any CPU
		{BE55A92E-59AE-E7EF-DBC3-609ABCF2F205}.Release|Any CPU.Build.0 = Release|Any CPU
	EndGlobalSection
	GlobalSection(SolutionProperties) = preSolution
		HideSolutionNode = FALSE
	EndGlobalSection
	GlobalSection(ExtensibilityGlobals) = postSolution
		SolutionGuid = {17864B13-13CC-4626-8763-6E8081114389}
	EndGlobalSection
EndGlobal
